
Microsoft Visual Studio Solution File, Format Version 12.00
# Visual Studio Version 17
VisualStudioVersion = 17.0.31903.59
MinimumVisualStudioVersion = 10.0.40219.1
Project("{FAE04EC0-301F-11D3-BF4B-00C04F79EFBC}") = "CasaDavLex.com.Server", "CasaDavLex.com\Server\CasaDavLex.com.Server.csproj", "{FBC53D9C-557C-4382-98EC-C4A26592EC1C}"
EndProject
Project("{FAE04EC0-301F-11D3-BF4B-00C04F79EFBC}") = "CasaDavLex.com.Client", "CasaDavLex.com\Client\CasaDavLex.com.Client.csproj", "{BA3995AB-0BEB-4390-A2D8-42B6601B0EE6}"
EndProject
Project("{FAE04EC0-301F-11D3-BF4B-00C04F79EFBC}") = "CasaDavLex.com.Shared", "CasaDavLex.com\Shared\CasaDavLex.com.Shared.csproj", "{D2A935DA-A383-4BAE-BD2D-F4D554CDEAF4}"
EndProject
Global
	GlobalSection(SolutionConfigurationPlatforms) = preSolution
		Debug|Any CPU = Debug|Any CPU
		Release|Any CPU = Release|Any CPU
	EndGlobalSection
	GlobalSection(ProjectConfigurationPlatforms) = postSolution
		{FBC53D9C-557C-4382-98EC-C4A26592EC1C}.Debug|Any CPU.ActiveCfg = Debug|Any CPU
		{FBC53D9C-557C-4382-98EC-C4A26592EC1C}.Debug|Any CPU.Build.0 = Debug|Any CPU
		{FBC53D9C-557C-4382-98EC-C4A26592EC1C}.Release|Any CPU.ActiveCfg = Release|Any CPU
		{FBC53D9C-557C-4382-98EC-C4A26592EC1C}.Release|Any CPU.Build.0 = Release|Any CPU
		{BA3995AB-0BEB-4390-A2D8-42B6601B0EE6}.Debug|Any CPU.ActiveCfg = Debug|Any CPU
		{BA3995AB-0BEB-4390-A2D8-42B6601B0EE6}.Debug|Any CPU.Build.0 = Debug|Any CPU
		{BA3995AB-0BEB-4390-A2D8-42B6601B0EE6}.Release|Any CPU.ActiveCfg = Release|Any CPU
		{BA3995AB-0BEB-4390-A2D8-42B6601B0EE6}.Release|Any CPU.Build.0 = Release|Any CPU
		{D2A935DA-A383-4BAE-BD2D-F4D554CDEAF4}.Debug|Any CPU.ActiveCfg = Debug|Any CPU
		{D2A935DA-A383-4BAE-BD2D-F4D554CDEAF4}.Debug|Any CPU.Build.0 = Debug|Any CPU
		{D2A935DA-A383-4BAE-BD2D-F4D554CDEAF4}.Release|Any CPU.ActiveCfg = Release|Any CPU
		{D2A935DA-A383-4BAE-BD2D-F4D554CDEAF4}.Release|Any CPU.Build.0 = Release|Any CPU
	EndGlobalSection
	GlobalSection(SolutionProperties) = preSolution
		HideSolutionNode = FALSE
	EndGlobalSection
EndGlobal
